// !$*UTF8*$!
{
	archiveVersion = 1;
	classes = {
	};
	objectVersion = 50;
	objects = {

/* Begin PBXBuildFile section */
		720AC99C225607B800717121 /* AppDelegate.swift in Sources */ = {isa = PBXBuildFile; fileRef = 720AC99B225607B800717121 /* AppDelegate.swift */; };
		720AC99E225607B800717121 /* ViewController.swift in Sources */ = {isa = PBXBuildFile; fileRef = 720AC99D225607B800717121 /* ViewController.swift */; };
		720AC9A1225607B800717121 /* Main.storyboard in Resources */ = {isa = PBXBuildFile; fileRef = 720AC99F225607B800717121 /* Main.storyboard */; };
		720AC9A4225607B800717121 /* ThirdProject.xcdatamodeld in Sources */ = {isa = PBXBuildFile; fileRef = 720AC9A2225607B800717121 /* ThirdProject.xcdatamodeld */; };
		720AC9A6225607BA00717121 /* Assets.xcassets in Resources */ = {isa = PBXBuildFile; fileRef = 720AC9A5225607BA00717121 /* Assets.xcassets */; };
		720AC9A9225607BA00717121 /* LaunchScreen.storyboard in Resources */ = {isa = PBXBuildFile; fileRef = 720AC9A7225607BA00717121 /* LaunchScreen.storyboard */; };
/* End PBXBuildFile section */

/* Begin PBXFileReference section */
		720AC998225607B800717121 /* ThirdProject.app */ = {isa = PBXFileReference; explicitFileType = wrapper.application; includeInIndex = 0; path = ThirdProject.app; sourceTree = BUILT_PRODUCTS_DIR; };
		720AC99B225607B800717121 /* AppDelegate.swift */ = {isa = PBXFileReference; lastKnownFileType = sourcecode.swift; path = AppDelegate.swift; sourceTree = "<group>"; };
		720AC99D225607B800717121 /* ViewController.swift */ = {isa = PBXFileReference; lastKnownFileType = sourcecode.swift; path = ViewController.swift; sourceTree = "<group>"; };
		720AC9A0225607B800717121 /* Base */ = {isa = PBXFileReference; lastKnownFileType = file.storyboard; name = Base; path = Base.lproj/Main.storyboard; sourceTree = "<group>"; };
		720AC9A3225607B800717121 /* ThirdProject.xcdatamodel */ = {isa = PBXFileReference; lastKnownFileType = wrapper.xcdatamodel; path = ThirdProject.xcdatamodel; sourceTree = "<group>"; };
		720AC9A5225607BA00717121 /* Assets.xcassets */ = {isa = PBXFileReference; lastKnownFileType = folder.assetcatalog; path = Assets.xcassets; sourceTree = "<group>"; };
		720AC9A8225607BA00717121 /* Base */ = {isa = PBXFileReference; lastKnownFileType = file.storyboard; name = Base; path = Base.lproj/LaunchScreen.storyboard; sourceTree = "<group>"; };
		720AC9AA225607BA00717121 /* Info.plist */ = {isa = PBXFileReference; lastKnownFileType = text.plist.xml; path = Info.plist; sourceTree = "<group>"; };
/* End PBXFileReference section */

/* Begin PBXFrameworksBuildPhase section */
		720AC995225607B800717121 /* Frameworks */ = {
			isa = PBXFrameworksBuildPhase;
			buildActionMask = 2147483647;
			files = (
			);
			runOnlyForDeploymentPostprocessing = 0;
		};
/* End PBXFrameworksBuildPhase section */

/* Begin PBXGroup section */
		720AC98F225607B800717121 = {
			isa = PBXGroup;
			children = (
				720AC99A225607B800717121 /* ThirdProject */,
				720AC999225607B800717121 /* Products */,
			);
			sourceTree = "<group>";
		};
		720AC999225607B800717121 /* Products */ = {
			isa = PBXGroup;
			children = (
				720AC998225607B800717121 /* ThirdProject.app */,
			);
			name = Products;
			sourceTree = "<group>";
		};
		720AC99A225607B800717121 /* ThirdProject */ = {
			isa = PBXGroup;
			children = (
				720AC99B225607B800717121 /* AppDelegate.swift */,
				720AC99D225607B800717121 /* ViewController.swift */,
				720AC99F225607B800717121 /* Main.storyboard */,
				720AC9A5225607BA00717121 /* Assets.xcassets */,
				720AC9A7225607BA00717121 /* LaunchScreen.storyboard */,
				720AC9AA225607BA00717121 /* Info.plist */,
				720AC9A2225607B800717121 /* ThirdProject.xcdatamodeld */,
			);
			path = ThirdProject;
			sourceTree = "<group>";
		};
/* End PBXGroup section */

/* Begin PBXNativeTarget section */
		720AC997225607B800717121 /* ThirdProject */ = {
			isa = PBXNativeTarget;
			buildConfigurationList = 720AC9AD225607BA00717121 /* Build configuration list for PBXNativeTarget "ThirdProject" */;
			buildPhases = (
				720AC994225607B800717121 /* Sources */,
				720AC995225607B800717121 /* Frameworks */,
				720AC996225607B800717121 /* Resources */,
			);
			buildRules = (
			);
			dependencies = (
			);
			name = ThirdProject;
			productName = ThirdProject;
			productReference = 720AC998225607B800717121 /* ThirdProject.app */;
			productType = "com.apple.product-type.application";
		};
/* End PBXNativeTarget section */

/* Begin PBXProject section */
		720AC990225607B800717121 /* Project object */ = {
			isa = PBXProject;
			attributes = {
				LastSwiftUpdateCheck = 0940;
				LastUpgradeCheck = 0940;
				ORGANIZATIONNAME = "syed ali ashraf";
				TargetAttributes = {
					720AC997225607B800717121 = {
						CreatedOnToolsVersion = 9.4;
					};
				};
			};
			buildConfigurationList = 720AC993225607B800717121 /* Build configuration list for PBXProject "ThirdProject" */;
			compatibilityVersion = "Xcode 9.3";
			developmentRegion = en;
			hasScannedForEncodings = 0;
			knownRegions = (
				en,
				Base,
			);
			mainGroup = 720AC98F225607B800717121;
			productRefGroup = 720AC999225607B800717121 /* Products */;
			projectDirPath = "";
			projectRoot = "";
			targets = (
				720AC997225607B800717121 /* ThirdProject */,
			);
		};
/* End PBXProject section */

/* Begin PBXResourcesBuildPhase section */
		720AC996225607B800717121 /* Resources */ = {
			isa = PBXResourcesBuildPhase;
			buildActionMask = 2147483647;
			files = (
				720AC9A9225607BA00717121 /* LaunchScreen.storyboard in Resources */,
				720AC9A6225607BA00717121 /* Assets.xcassets in Resources */,
				720AC9A1225607B800717121 /* Main.storyboard in Resources */,
			);
			runOnlyForDeploymentPostprocessing = 0;
		};
/* End PBXResourcesBuildPhase section */

/* Begin PBXSourcesBuildPhase section */
		720AC994225607B800717121 /* Sources */ = {
			isa = PBXSourcesBuildPhase;
			buildActionMask = 2147483647;
			files = (
				720AC99E225607B800717121 /* ViewController.swift in Sources */,
				720AC99C225607B800717121 /* AppDelegate.swift in Sources */,
				720AC9A4225607B800717121 /* ThirdProject.xcdatamodeld in Sources */,
			);
			runOnlyForDeploymentPostprocessing = 0;
		};
/* End PBXSourcesBuildPhase section */

/* Begin PBXVariantGroup section */
		720AC99F225607B800717121 /* Main.storyboard */ = {
			isa = PBXVariantGroup;
			children = (
				720AC9A0225607B800717121 /* Base */,
			);
			name = Main.storyboard;
			sourceTree = "<group>";
		};
		720AC9A7225607BA00717121 /* LaunchScreen.storyboard */ = {
			isa = PBXVariantGroup;
			children = (
				720AC9A8225607BA00717121 /* Base */,
			);
			name = LaunchScreen.storyboard;
			sourceTree = "<group>";
		};
/* End PBXVariantGroup section */

/* Begin XCBuildConfiguration section */
		720AC9AB225607BA00717121 /* Debug */ = {
			isa = XCBuildConfiguration;
			buildSettings = {
				ALWAYS_SEARCH_USER_PATHS = NO;
				CLANG_ANALYZER_NONNULL = YES;
				CLANG_ANALYZER_NUMBER_OBJECT_CONVERSION = YES_AGGRESSIVE;
				CLANG_CXX_LANGUAGE_STANDARD = "gnu++14";
				CLANG_CXX_LIBRARY = "libc++";
				CLANG_ENABLE_MODULES = YES;
				CLANG_ENABLE_OBJC_ARC = YES;
				CLANG_ENABLE_OBJC_WEAK = YES;
				CLANG_WARN_BLOCK_CAPTURE_AUTORELEASING = YES;
				CLANG_WARN_BOOL_CONVERSION = YES;
				CLANG_WARN_COMMA = YES;
				CLANG_WARN_CONSTANT_CONVERSION = YES;
				CLANG_WARN_DEPRECATED_OBJC_IMPLEMENTATIONS = YES;
				CLANG_WARN_DIRECT_OBJC_ISA_USAGE = YES_ERROR;
				CLANG_WARN_DOCUMENTATION_COMMENTS = YES;
				CLANG_WARN_EMPTY_BODY = YES;
				CLANG_WARN_ENUM_CONVERSION = YES;
				CLANG_WARN_INFINITE_RECURSION = YES;
				CLANG_WARN_INT_CONVERSION = YES;
				CLANG_WARN_NON_LITERAL_NULL_CONVERSION = YES;
				CLANG_WARN_OBJC_IMPLICIT_RETAIN_SELF = YES;
				CLANG_WARN_OBJC_LITERAL_CONVERSION = YES;
				CLANG_WARN_OBJC_ROOT_CLASS = YES_ERROR;
				CLANG_WARN_RANGE_LOOP_ANALYSIS = YES;
				CLANG_WARN_STRICT_PROTOTYPES = YES;
				CLANG_WARN_SUSPICIOUS_MOVE = YES;
				CLANG_WARN_UNGUARDED_AVAILABILITY = YES_AGGRESSIVE;
				CLANG_WARN_UNREACHABLE_CODE = YES;
				CLANG_WARN__DUPLICATE_METHOD_MATCH = YES;
				CODE_SIGN_IDENTITY = "iPhone Developer";
				COPY_PHASE_STRIP = NO;
				DEBUG_INFORMATION_FORMAT = dwarf;
				ENABLE_STRICT_OBJC_MSGSEND = YES;
				ENABLE_TESTABILITY = YES;
				GCC_C_LANGUAGE_STANDARD = gnu11;
				GCC_DYNAMIC_NO_PIC = NO;
				GCC_NO_COMMON_BLOCKS = YES;
				GCC_OPTIMIZATION_LEVEL = 0;
				GCC_PREPROCESSOR_DEFINITIONS = (
					"DEBUG=1",
					"$(inherited)",
				);
				GCC_WARN_64_TO_32_BIT_CONVERSION = YES;
				GCC_WARN_ABOUT_RETURN_TYPE = YES_ERROR;
				GCC_WARN_UNDECLARED_SELECTOR = YES;
				GCC_WARN_UNINITIALIZED_AUTOS = YES_AGGRESSIVE;
				GCC_WARN_UNUSED_FUNCTION = YES;
				GCC_WARN_UNUSED_VARIABLE = YES;
				IPHONEOS_DEPLOYMENT_TARGET = 11.4;
				MTL_ENABLE_DEBUG_INFO = YES;
				ONLY_ACTIVE_ARCH = YES;
				SDKROOT = iphoneos;
				SWIFT_ACTIVE_COMPILATION_CONDITIONS = DEBUG;
				SWIFT_OPTIMIZATION_LEVEL = "-Onone";
			};
			name = Debug;
		};
		720AC9AC225607BA00717121 /* Release */ = {
			isa = XCBuildConfiguration;
			buildSettings = {
				ALWAYS_SEARCH_USER_PATHS = NO;
				CLANG_ANALYZER_NONNULL = YES;
				CLANG_ANALYZER_NUMBER_OBJECT_CONVERSION = YES_AGGRESSIVE;
				CLANG_CXX_LANGUAGE_STANDARD = "gnu++14";
				CLANG_CXX_LIBRARY = "libc++";
				CLANG_ENABLE_MODULES = YES;
				CLANG_ENABLE_OBJC_ARC = YES;
				CLANG_ENABLE_OBJC_WEAK = YES;
				CLANG_WARN_BLOCK_CAPTURE_AUTORELEASING = YES;
				CLANG_WARN_BOOL_CONVERSION = YES;
				CLANG_WARN_COMMA = YES;
				CLANG_WARN_CONSTANT_CONVERSION = YES;
				CLANG_WARN_DEPRECATED_OBJC_IMPLEMENTATIONS = YES;
				CLANG_WARN_DIRECT_OBJC_ISA_USAGE = YES_ERROR;
				CLANG_WARN_DOCUMENTATION_COMMENTS = YES;
				CLANG_WARN_EMPTY_BODY = YES;
				CLANG_WARN_ENUM_CONVERSION = YES;
				CLANG_WARN_INFINITE_RECURSION = YES;
				CLANG_WARN_INT_CONVERSION = YES;
				CLANG_WARN_NON_LITERAL_NULL_CONVERSION = YES;
				CLANG_WARN_OBJC_IMPLICIT_RETAIN_SELF = YES;
				CLANG_WARN_OBJC_LITERAL_CONVERSION = YES;
				CLANG_WARN_OBJC_ROOT_CLASS = YES_ERROR;
				CLANG_WARN_RANGE_LOOP_ANALYSIS = YES;
				CLANG_WARN_STRICT_PROTOTYPES = YES;
				CLANG_WARN_SUSPICIOUS_MOVE = YES;
				CLANG_WARN_UNGUARDED_AVAILABILITY = YES_AGGRESSIVE;
				CLANG_WARN_UNREACHABLE_CODE = YES;
				CLANG_WARN__DUPLICATE_METHOD_MATCH = YES;
				CODE_SIGN_IDENTITY = "iPhone Developer";
				COPY_PHASE_STRIP = NO;
				DEBUG_INFORMATION_FORMAT = "dwarf-with-dsym";
				ENABLE_NS_ASSERTIONS = NO;
				ENABLE_STRICT_OBJC_MSGSEND = YES;
				GCC_C_LANGUAGE_STANDARD = gnu11;
				GCC_NO_COMMON_BLOCKS = YES;
				GCC_WARN_64_TO_32_BIT_CONVERSION = YES;
				GCC_WARN_ABOUT_RETURN_TYPE = YES_ERROR;
				GCC_WARN_UNDECLARED_SELECTOR = YES;
				GCC_WARN_UNINITIALIZED_AUTOS = YES_AGGRESSIVE;
				GCC_WARN_UNUSED_FUNCTION = YES;
				GCC_WARN_UNUSED_VARIABLE = YES;
				IPHONEOS_DEPLOYMENT_TARGET = 11.4;
				MTL_ENABLE_DEBUG_INFO = NO;
				SDKROOT = iphoneos;
				SWIFT_COMPILATION_MODE = wholemodule;
				SWIFT_OPTIMIZATION_LEVEL = "-O";
				VALIDATE_PRODUCT = YES;
			};
			name = Release;
		};
		720AC9AE225607BA00717121 /* Debug */ = {
			isa = XCBuildConfiguration;
			buildSettings = {
				ASSETCATALOG_COMPILER_APPICON_NAME = AppIcon;
				CODE_SIGN_STYLE = Automatic;
				INFOPLIST_FILE = ThirdProject/Info.plist;
				LD_RUNPATH_SEARCH_PATHS = (
					"$(inherited)",
					"@executable_path/Frameworks",
				);
				PRODUCT_BUNDLE_IDENTIFIER = ashraf.ThirdProject;
				PRODUCT_NAME = "$(TARGET_NAME)";
				SWIFT_VERSION = 4.0;
				TARGETED_DEVICE_FAMILY = "1,2";
			};
			name = Debug;
		};
		720AC9AF225607BA00717121 /* Release */ = {
			isa = XCBuildConfiguration;
			buildSettings = {
				ASSETCATALOG_COMPILER_APPICON_NAME = AppIcon;
				CODE_SIGN_STYLE = Automatic;
				INFOPLIST_FILE = ThirdProject/Info.plist;
				LD_RUNPATH_SEARCH_PATHS = (
					"$(inherited)",
					"@executable_path/Frameworks",
				);
				PRODUCT_BUNDLE_IDENTIFIER = ashraf.ThirdProject;
				PRODUCT_NAME = "$(TARGET_NAME)";
				SWIFT_VERSION = 4.0;
				TARGETED_DEVICE_FAMILY = "1,2";
			};
			name = Release;
		};
/* End XCBuildConfiguration section */

/* Begin XCConfigurationList section */
		720AC993225607B800717121 /* Build configuration list for PBXProject "ThirdProject" */ = {
			isa = XCConfigurationList;
			buildConfigurations = (
				720AC9AB225607BA00717121 /* Debug */,
				720AC9AC225607BA00717121 /* Release */,
			);
			defaultConfigurationIsVisible = 0;
			defaultConfigurationName = Release;
		};
		720AC9AD225607BA00717121 /* Build configuration list for PBXNativeTarget "ThirdProject" */ = {
			isa = XCConfigurationList;
			buildConfigurations = (
				720AC9AE225607BA00717121 /* Debug */,
				720AC9AF225607BA00717121 /* Release */,
			);
			defaultConfigurationIsVisible = 0;
			defaultConfigurationName = Release;
		};
/* End XCConfigurationList section */

/* Begin XCVersionGroup section */
		720AC9A2225607B800717121 /* ThirdProject.xcdatamodeld */ = {
			isa = XCVersionGroup;
			children = (
				720AC9A3225607B800717121 /* ThirdProject.xcdatamodel */,
			);
			currentVersion = 720AC9A3225607B800717121 /* ThirdProject.xcdatamodel */;
			path = ThirdProject.xcdatamodeld;
			sourceTree = "<group>";
			versionGroupType = wrapper.xcdatamodel;
		};
/* End XCVersionGroup section */
	};
	rootObject = 720AC990225607B800717121 /* Project object */;
}
